
Microsoft Visual Studio Solution File, Format Version 12.00
# Visual Studio Version 17
VisualStudioVersion = 17.12.35527.113 d17.12
MinimumVisualStudioVersion = 10.0.40219.1
Project("{FAE04EC0-301F-11D3-BF4B-00C04F79EFBC}") = "Conceitos-CSharp", "Conceitos-CSharp\Conceitos-CSharp.csproj", "{73CB7624-F8B5-452D-B7D0-B532904BAD50}"
EndProject
Global
	GlobalSection(SolutionConfigurationPlatforms) = preSolution
		Debug|Any CPU = Debug|Any CPU
		Release|Any CPU = Release|Any CPU
	EndGlobalSection
	GlobalSection(ProjectConfigurationPlatforms) = postSolution
		{73CB7624-F8B5-452D-B7D0-B532904BAD50}.Debug|Any CPU.ActiveCfg = Debug|Any CPU
		{73CB7624-F8B5-452D-B7D0-B532904BAD50}.Debug|Any CPU.Build.0 = Debug|Any CPU
		{73CB7624-F8B5-452D-B7D0-B532904BAD50}.Release|Any CPU.ActiveCfg = Release|Any CPU
		{73CB7624-F8B5-452D-B7D0-B532904BAD50}.Release|Any CPU.Build.0 = Release|Any CPU
	EndGlobalSection
	GlobalSection(SolutionProperties) = preSolution
		HideSolutionNode = FALSE
	EndGlobalSection
EndGlobal
